// !$*UTF8*$!
{
	archiveVersion = 1;
	classes = {
	};
	objectVersion = 56;
	objects = {

/* Begin PBXBuildFile section */
		5CDB87DD2E76217F00DA0A1F /* ExpanderApp.swift in Sources */ = {isa = PBXBuildFile; fileRef = 5CDB87DC2E76217F00DA0A1F /* ExpanderApp.swift */; };
		5CDB87DF2E76217F00DA0A1F /* ContentView.swift in Sources */ = {isa = PBXBuildFile; fileRef = 5CDB87DE2E76217F00DA0A1F /* ContentView.swift */; };
		5CDB88202E76D00000DA0A1F /* CoreDataManager.swift in Sources */ = {isa = PBXBuildFile; fileRef = 5CDB881F2E76D00000DA0A1F /* CoreDataManager.swift */; };
		5CDB88222E76D00000DA0A1F /* Conversation+Extensions.swift in Sources */ = {isa = PBXBuildFile; fileRef = 5CDB88212E76D00000DA0A1F /* Conversation+Extensions.swift */; };
		5CDB88242E76D00000DA0A1F /* Message+Extensions.swift in Sources */ = {isa = PBXBuildFile; fileRef = 5CDB88232E76D00000DA0A1F /* Message+Extensions.swift */; };
		5CDB87E12E76218000DA0A1F /* Assets.xcassets in Resources */ = {isa = PBXBuildFile; fileRef = 5CDB87E02E76218000DA0A1F /* Assets.xcassets */; };
		5CDB87E42E76218000DA0A1F /* Preview Assets.xcassets in Resources */ = {isa = PBXBuildFile; fileRef = 5CDB87E32E76218000DA0A1F /* Preview Assets.xcassets */; };
		5CDB87EE2E76218000DA0A1F /* ExpanderTests.swift in Sources */ = {isa = PBXBuildFile; fileRef = 5CDB87ED2E76218000DA0A1F /* ExpanderTests.swift */; };
		5CDB87F82E76218000DA0A1F /* ExpanderUITests.swift in Sources */ = {isa = PBXBuildFile; fileRef = 5CDB87F72E76218000DA0A1F /* ExpanderUITests.swift */; };
		5CDB87FA2E76218000DA0A1F /* ExpanderUITestsLaunchTests.swift in Sources */ = {isa = PBXBuildFile; fileRef = 5CDB87F92E76218000DA0A1F /* ExpanderUITestsLaunchTests.swift */; };
		5CDB88082E76CA3600DA0A1F /* ExpanderModel.xcdatamodeld in Sources */ = {isa = PBXBuildFile; fileRef = 5CDB88062E76CA3600DA0A1F /* ExpanderModel.xcdatamodeld */; };
/* End PBXBuildFile section */

/* Begin PBXContainerItemProxy section */
		5CDB87EA2E76218000DA0A1F /* PBXContainerItemProxy */ = {
			isa = PBXContainerItemProxy;
			containerPortal = 5CDB87D12E76217F00DA0A1F /* Project object */;
			proxyType = 1;
			remoteGlobalIDString = 5CDB87D82E76217F00DA0A1F;
			remoteInfo = Expander;
		};
		5CDB87F42E76218000DA0A1F /* PBXContainerItemProxy */ = {
			isa = PBXContainerItemProxy;
			containerPortal = 5CDB87D12E76217F00DA0A1F /* Project object */;
			proxyType = 1;
			remoteGlobalIDString = 5CDB87D82E76217F00DA0A1F;
			remoteInfo = Expander;
		};
/* End PBXContainerItemProxy section */

/* Begin PBXFileReference section */
		5CDB87D92E76217F00DA0A1F /* Expander.app */ = {isa = PBXFileReference; explicitFileType = wrapper.application; includeInIndex = 0; path = Expander.app; sourceTree = BUILT_PRODUCTS_DIR; };
		5CDB87DC2E76217F00DA0A1F /* ExpanderApp.swift */ = {isa = PBXFileReference; lastKnownFileType = sourcecode.swift; path = ExpanderApp.swift; sourceTree = "<group>"; };
		5CDB87DE2E76217F00DA0A1F /* ContentView.swift */ = {isa = PBXFileReference; lastKnownFileType = sourcecode.swift; path = ContentView.swift; sourceTree = "<group>"; };
		5CDB881F2E76D00000DA0A1F /* CoreDataManager.swift */ = {isa = PBXFileReference; lastKnownFileType = sourcecode.swift; path = CoreDataManager.swift; sourceTree = "<group>"; };
		5CDB88212E76D00000DA0A1F /* Conversation+Extensions.swift */ = {isa = PBXFileReference; lastKnownFileType = sourcecode.swift; path = "Conversation+Extensions.swift"; sourceTree = "<group>"; };
		5CDB88232E76D00000DA0A1F /* Message+Extensions.swift */ = {isa = PBXFileReference; lastKnownFileType = sourcecode.swift; path = "Message+Extensions.swift"; sourceTree = "<group>"; };
		5CDB87E02E76218000DA0A1F /* Assets.xcassets */ = {isa = PBXFileReference; lastKnownFileType = folder.assetcatalog; path = Assets.xcassets; sourceTree = "<group>"; };
		5CDB87E32E76218000DA0A1F /* Preview Assets.xcassets */ = {isa = PBXFileReference; lastKnownFileType = folder.assetcatalog; path = "Preview Assets.xcassets"; sourceTree = "<group>"; };
		5CDB87E92E76218000DA0A1F /* ExpanderTests.xctest */ = {isa = PBXFileReference; explicitFileType = wrapper.cfbundle; includeInIndex = 0; path = ExpanderTests.xctest; sourceTree = BUILT_PRODUCTS_DIR; };
		5CDB87ED2E76218000DA0A1F /* ExpanderTests.swift */ = {isa = PBXFileReference; lastKnownFileType = sourcecode.swift; path = ExpanderTests.swift; sourceTree = "<group>"; };
		5CDB87F32E76218000DA0A1F /* ExpanderUITests.xctest */ = {isa = PBXFileReference; explicitFileType = wrapper.cfbundle; includeInIndex = 0; path = ExpanderUITests.xctest; sourceTree = BUILT_PRODUCTS_DIR; };
		5CDB87F72E76218000DA0A1F /* ExpanderUITests.swift */ = {isa = PBXFileReference; lastKnownFileType = sourcecode.swift; path = ExpanderUITests.swift; sourceTree = "<group>"; };
		5CDB87F92E76218000DA0A1F /* ExpanderUITestsLaunchTests.swift */ = {isa = PBXFileReference; lastKnownFileType = sourcecode.swift; path = ExpanderUITestsLaunchTests.swift; sourceTree = "<group>"; };
		5CDB88072E76CA3600DA0A1F /* ExpanderModel.xcdatamodel */ = {isa = PBXFileReference; lastKnownFileType = wrapper.xcdatamodel; path = ExpanderModel.xcdatamodel; sourceTree = "<group>"; };
/* End PBXFileReference section */

/* Begin PBXFrameworksBuildPhase section */
		5CDB87D62E76217F00DA0A1F /* Frameworks */ = {
			isa = PBXFrameworksBuildPhase;
			buildActionMask = 2147483647;
			files = (
			);
			runOnlyForDeploymentPostprocessing = 0;
		};
		5CDB87E62E76218000DA0A1F /* Frameworks */ = {
			isa = PBXFrameworksBuildPhase;
			buildActionMask = 2147483647;
			files = (
			);
			runOnlyForDeploymentPostprocessing = 0;
		};
		5CDB87F02E76218000DA0A1F /* Frameworks */ = {
			isa = PBXFrameworksBuildPhase;
			buildActionMask = 2147483647;
			files = (
			);
			runOnlyForDeploymentPostprocessing = 0;
		};
/* End PBXFrameworksBuildPhase section */

/* Begin PBXGroup section */
		5CDB87D02E76217F00DA0A1F = {
			isa = PBXGroup;
			children = (
				5CDB87DB2E76217F00DA0A1F /* Expander */,
				5CDB87EC2E76218000DA0A1F /* ExpanderTests */,
				5CDB87F62E76218000DA0A1F /* ExpanderUITests */,
				5CDB87DA2E76217F00DA0A1F /* Products */,
			);
			sourceTree = "<group>";
		};
		5CDB87DA2E76217F00DA0A1F /* Products */ = {
			isa = PBXGroup;
			children = (
				5CDB87D92E76217F00DA0A1F /* Expander.app */,
				5CDB87E92E76218000DA0A1F /* ExpanderTests.xctest */,
				5CDB87F32E76218000DA0A1F /* ExpanderUITests.xctest */,
			);
			name = Products;
			sourceTree = "<group>";
		};
		5CDB87DB2E76217F00DA0A1F /* Expander */ = {
			isa = PBXGroup;
			children = (
				5CDB87DC2E76217F00DA0A1F /* ExpanderApp.swift */,
				5CDB87DE2E76217F00DA0A1F /* ContentView.swift */,
				5CDB881F2E76D00000DA0A1F /* CoreDataManager.swift */,
				5CDB88212E76D00000DA0A1F /* Conversation+Extensions.swift */,
				5CDB88232E76D00000DA0A1F /* Message+Extensions.swift */,
				5CDB88062E76CA3600DA0A1F /* ExpanderModel.xcdatamodeld */,
				5CDB87E02E76218000DA0A1F /* Assets.xcassets */,
				5CDB87E22E76218000DA0A1F /* Preview Content */,
			);
			path = Expander;
			sourceTree = "<group>";
		};
		5CDB87E22E76218000DA0A1F /* Preview Content */ = {
			isa = PBXGroup;
			children = (
				5CDB87E32E76218000DA0A1F /* Preview Assets.xcassets */,
			);
			path = "Preview Content";
			sourceTree = "<group>";
		};
		5CDB87EC2E76218000DA0A1F /* ExpanderTests */ = {
			isa = PBXGroup;
			children = (
				5CDB87ED2E76218000DA0A1F /* ExpanderTests.swift */,
			);
			path = ExpanderTests;
			sourceTree = "<group>";
		};
		5CDB87F62E76218000DA0A1F /* ExpanderUITests */ = {
			isa = PBXGroup;
			children = (
				5CDB87F72E76218000DA0A1F /* ExpanderUITests.swift */,
				5CDB87F92E76218000DA0A1F /* ExpanderUITestsLaunchTests.swift */,
			);
			path = ExpanderUITests;
			sourceTree = "<group>";
		};
/* End PBXGroup section */

/* Begin PBXNativeTarget section */
		5CDB87D82E76217F00DA0A1F /* Expander */ = {
			isa = PBXNativeTarget;
			buildConfigurationList = 5CDB87FD2E76218000DA0A1F /* Build configuration list for PBXNativeTarget "Expander" */;
			buildPhases = (
				5CDB87D52E76217F00DA0A1F /* Sources */,
				5CDB87D62E76217F00DA0A1F /* Frameworks */,
				5CDB87D72E76217F00DA0A1F /* Resources */,
			);
			buildRules = (
			);
			dependencies = (
			);
			name = Expander;
			productName = Expander;
			productReference = 5CDB87D92E76217F00DA0A1F /* Expander.app */;
			productType = "com.apple.product-type.application";
		};
		5CDB87E82E76218000DA0A1F /* ExpanderTests */ = {
			isa = PBXNativeTarget;
			buildConfigurationList = 5CDB88002E76218000DA0A1F /* Build configuration list for PBXNativeTarget "ExpanderTests" */;
			buildPhases = (
				5CDB87E52E76218000DA0A1F /* Sources */,
				5CDB87E62E76218000DA0A1F /* Frameworks */,
				5CDB87E72E76218000DA0A1F /* Resources */,
			);
			buildRules = (
			);
			dependencies = (
				5CDB87EB2E76218000DA0A1F /* PBXTargetDependency */,
			);
			name = ExpanderTests;
			productName = ExpanderTests;
			productReference = 5CDB87E92E76218000DA0A1F /* ExpanderTests.xctest */;
			productType = "com.apple.product-type.bundle.unit-test";
		};
		5CDB87F22E76218000DA0A1F /* ExpanderUITests */ = {
			isa = PBXNativeTarget;
			buildConfigurationList = 5CDB88032E76218000DA0A1F /* Build configuration list for PBXNativeTarget "ExpanderUITests" */;
			buildPhases = (
				5CDB87EF2E76218000DA0A1F /* Sources */,
				5CDB87F02E76218000DA0A1F /* Frameworks */,
				5CDB87F12E76218000DA0A1F /* Resources */,
			);
			buildRules = (
			);
			dependencies = (
				5CDB87F52E76218000DA0A1F /* PBXTargetDependency */,
			);
			name = ExpanderUITests;
			productName = ExpanderUITests;
			productReference = 5CDB87F32E76218000DA0A1F /* ExpanderUITests.xctest */;
			productType = "com.apple.product-type.bundle.ui-testing";
		};
/* End PBXNativeTarget section */

/* Begin PBXProject section */
		5CDB87D12E76217F00DA0A1F /* Project object */ = {
			isa = PBXProject;
			attributes = {
				BuildIndependentTargetsInParallel = 1;
				LastSwiftUpdateCheck = 1530;
				LastUpgradeCheck = 1530;
				TargetAttributes = {
					5CDB87D82E76217F00DA0A1F = {
						CreatedOnToolsVersion = 15.3;
					};
					5CDB87E82E76218000DA0A1F = {
						CreatedOnToolsVersion = 15.3;
						TestTargetID = 5CDB87D82E76217F00DA0A1F;
					};
					5CDB87F22E76218000DA0A1F = {
						CreatedOnToolsVersion = 15.3;
						TestTargetID = 5CDB87D82E76217F00DA0A1F;
					};
				};
			};
			buildConfigurationList = 5CDB87D42E76217F00DA0A1F /* Build configuration list for PBXProject "Expander" */;
			compatibilityVersion = "Xcode 14.0";
			developmentRegion = en;
			hasScannedForEncodings = 0;
			knownRegions = (
				en,
				Base,
			);
			mainGroup = 5CDB87D02E76217F00DA0A1F;
			productRefGroup = 5CDB87DA2E76217F00DA0A1F /* Products */;
			projectDirPath = "";
			projectRoot = "";
			targets = (
				5CDB87D82E76217F00DA0A1F /* Expander */,
				5CDB87E82E76218000DA0A1F /* ExpanderTests */,
				5CDB87F22E76218000DA0A1F /* ExpanderUITests */,
			);
		};
/* End PBXProject section */

/* Begin PBXResourcesBuildPhase section */
		5CDB87D72E76217F00DA0A1F /* Resources */ = {
			isa = PBXResourcesBuildPhase;
			buildActionMask = 2147483647;
			files = (
				5CDB87E42E76218000DA0A1F /* Preview Assets.xcassets in Resources */,
				5CDB87E12E76218000DA0A1F /* Assets.xcassets in Resources */,
			);
			runOnlyForDeploymentPostprocessing = 0;
		};
		5CDB87E72E76218000DA0A1F /* Resources */ = {
			isa = PBXResourcesBuildPhase;
			buildActionMask = 2147483647;
			files = (
			);
			runOnlyForDeploymentPostprocessing = 0;
		};
		5CDB87F12E76218000DA0A1F /* Resources */ = {
			isa = PBXResourcesBuildPhase;
			buildActionMask = 2147483647;
			files = (
			);
			runOnlyForDeploymentPostprocessing = 0;
		};
/* End PBXResourcesBuildPhase section */

/* Begin PBXSourcesBuildPhase section */
		5CDB87D52E76217F00DA0A1F /* Sources */ = {
			isa = PBXSourcesBuildPhase;
			buildActionMask = 2147483647;
			files = (
				5CDB87DF2E76217F00DA0A1F /* ContentView.swift in Sources */,
				5CDB87DD2E76217F00DA0A1F /* ExpanderApp.swift in Sources */,
				5CDB88202E76D00000DA0A1F /* CoreDataManager.swift in Sources */,
				5CDB88222E76D00000DA0A1F /* Conversation+Extensions.swift in Sources */,
				5CDB88242E76D00000DA0A1F /* Message+Extensions.swift in Sources */,
				5CDB88082E76CA3600DA0A1F /* ExpanderModel.xcdatamodeld in Sources */,
			);
			runOnlyForDeploymentPostprocessing = 0;
		};
		5CDB87E52E76218000DA0A1F /* Sources */ = {
			isa = PBXSourcesBuildPhase;
			buildActionMask = 2147483647;
			files = (
				5CDB87EE2E76218000DA0A1F /* ExpanderTests.swift in Sources */,
			);
			runOnlyForDeploymentPostprocessing = 0;
		};
		5CDB87EF2E76218000DA0A1F /* Sources */ = {
			isa = PBXSourcesBuildPhase;
			buildActionMask = 2147483647;
			files = (
				5CDB87FA2E76218000DA0A1F /* ExpanderUITestsLaunchTests.swift in Sources */,
				5CDB87F82E76218000DA0A1F /* ExpanderUITests.swift in Sources */,
			);
			runOnlyForDeploymentPostprocessing = 0;
		};
/* End PBXSourcesBuildPhase section */

/* Begin PBXTargetDependency section */
		5CDB87EB2E76218000DA0A1F /* PBXTargetDependency */ = {
			isa = PBXTargetDependency;
			target = 5CDB87D82E76217F00DA0A1F /* Expander */;
			targetProxy = 5CDB87EA2E76218000DA0A1F /* PBXContainerItemProxy */;
		};
		5CDB87F52E76218000DA0A1F /* PBXTargetDependency */ = {
			isa = PBXTargetDependency;
			target = 5CDB87D82E76217F00DA0A1F /* Expander */;
			targetProxy = 5CDB87F42E76218000DA0A1F /* PBXContainerItemProxy */;
		};
/* End PBXTargetDependency section */

/* Begin XCBuildConfiguration section */
		5CDB87FB2E76218000DA0A1F /* Debug */ = {
			isa = XCBuildConfiguration;
			buildSettings = {
				ALWAYS_SEARCH_USER_PATHS = NO;
				ASSETCATALOG_COMPILER_GENERATE_SWIFT_ASSET_SYMBOL_EXTENSIONS = YES;
				CLANG_ANALYZER_NONNULL = YES;
				CLANG_ANALYZER_NUMBER_OBJECT_CONVERSION = YES_AGGRESSIVE;
				CLANG_CXX_LANGUAGE_STANDARD = "gnu++20";
				CLANG_ENABLE_MODULES = YES;
				CLANG_ENABLE_OBJC_ARC = YES;
				CLANG_ENABLE_OBJC_WEAK = YES;
				CLANG_WARN_BLOCK_CAPTURE_AUTORELEASING = YES;
				CLANG_WARN_BOOL_CONVERSION = YES;
				CLANG_WARN_COMMA = YES;
				CLANG_WARN_CONSTANT_CONVERSION = YES;
				CLANG_WARN_DEPRECATED_OBJC_IMPLEMENTATIONS = YES;
				CLANG_WARN_DIRECT_OBJC_ISA_USAGE = YES_ERROR;
				CLANG_WARN_DOCUMENTATION_COMMENTS = YES;
				CLANG_WARN_EMPTY_BODY = YES;
				CLANG_WARN_ENUM_CONVERSION = YES;
				CLANG_WARN_INFINITE_RECURSION = YES;
				CLANG_WARN_INT_CONVERSION = YES;
				CLANG_WARN_NON_LITERAL_NULL_CONVERSION = YES;
				CLANG_WARN_OBJC_IMPLICIT_RETAIN_SELF = YES;
				CLANG_WARN_OBJC_LITERAL_CONVERSION = YES;
				CLANG_WARN_OBJC_ROOT_CLASS = YES_ERROR;
				CLANG_WARN_QUOTED_INCLUDE_IN_FRAMEWORK_HEADER = YES;
				CLANG_WARN_RANGE_LOOP_ANALYSIS = YES;
				CLANG_WARN_STRICT_PROTOTYPES = YES;
				CLANG_WARN_SUSPICIOUS_MOVE = YES;
				CLANG_WARN_UNGUARDED_AVAILABILITY = YES_AGGRESSIVE;
				CLANG_WARN_UNREACHABLE_CODE = YES;
				CLANG_WARN__DUPLICATE_METHOD_MATCH = YES;
				COPY_PHASE_STRIP = NO;
				DEBUG_INFORMATION_FORMAT = dwarf;
				ENABLE_STRICT_OBJC_MSGSEND = YES;
				ENABLE_TESTABILITY = YES;
				ENABLE_USER_SCRIPT_SANDBOXING = YES;
				GCC_C_LANGUAGE_STANDARD = gnu17;
				GCC_DYNAMIC_NO_PIC = NO;
				GCC_NO_COMMON_BLOCKS = YES;
				GCC_OPTIMIZATION_LEVEL = 0;
				GCC_PREPROCESSOR_DEFINITIONS = (
					"DEBUG=1",
					"$(inherited)",
				);
				GCC_WARN_64_TO_32_BIT_CONVERSION = YES;
				GCC_WARN_ABOUT_RETURN_TYPE = YES_ERROR;
				GCC_WARN_UNDECLARED_SELECTOR = YES;
				GCC_WARN_UNINITIALIZED_AUTOS = YES_AGGRESSIVE;
				GCC_WARN_UNUSED_FUNCTION = YES;
				GCC_WARN_UNUSED_VARIABLE = YES;
				IPHONEOS_DEPLOYMENT_TARGET = 17.4;
				LOCALIZATION_PREFERS_STRING_CATALOGS = YES;
				MTL_ENABLE_DEBUG_INFO = INCLUDE_SOURCE;
				MTL_FAST_MATH = YES;
				ONLY_ACTIVE_ARCH = YES;
				SDKROOT = iphoneos;
				SWIFT_ACTIVE_COMPILATION_CONDITIONS = "DEBUG $(inherited)";
				SWIFT_OPTIMIZATION_LEVEL = "-Onone";
			};
			name = Debug;
		};
		5CDB87FC2E76218000DA0A1F /* Release */ = {
			isa = XCBuildConfiguration;
			buildSettings = {
				ALWAYS_SEARCH_USER_PATHS = NO;
				ASSETCATALOG_COMPILER_GENERATE_SWIFT_ASSET_SYMBOL_EXTENSIONS = YES;
				CLANG_ANALYZER_NONNULL = YES;
				CLANG_ANALYZER_NUMBER_OBJECT_CONVERSION = YES_AGGRESSIVE;
				CLANG_CXX_LANGUAGE_STANDARD = "gnu++20";
				CLANG_ENABLE_MODULES = YES;
				CLANG_ENABLE_OBJC_ARC = YES;
				CLANG_ENABLE_OBJC_WEAK = YES;
				CLANG_WARN_BLOCK_CAPTURE_AUTORELEASING = YES;
				CLANG_WARN_BOOL_CONVERSION = YES;
				CLANG_WARN_COMMA = YES;
				CLANG_WARN_CONSTANT_CONVERSION = YES;
				CLANG_WARN_DEPRECATED_OBJC_IMPLEMENTATIONS = YES;
				CLANG_WARN_DIRECT_OBJC_ISA_USAGE = YES_ERROR;
				CLANG_WARN_DOCUMENTATION_COMMENTS = YES;
				CLANG_WARN_EMPTY_BODY = YES;
				CLANG_WARN_ENUM_CONVERSION = YES;
				CLANG_WARN_INFINITE_RECURSION = YES;
				CLANG_WARN_INT_CONVERSION = YES;
				CLANG_WARN_NON_LITERAL_NULL_CONVERSION = YES;
				CLANG_WARN_OBJC_IMPLICIT_RETAIN_SELF = YES;
				CLANG_WARN_OBJC_LITERAL_CONVERSION = YES;
				CLANG_WARN_OBJC_ROOT_CLASS = YES_ERROR;
				CLANG_WARN_QUOTED_INCLUDE_IN_FRAMEWORK_HEADER = YES;
				CLANG_WARN_RANGE_LOOP_ANALYSIS = YES;
				CLANG_WARN_STRICT_PROTOTYPES = YES;
				CLANG_WARN_SUSPICIOUS_MOVE = YES;
				CLANG_WARN_UNGUARDED_AVAILABILITY = YES_AGGRESSIVE;
				CLANG_WARN_UNREACHABLE_CODE = YES;
				CLANG_WARN__DUPLICATE_METHOD_MATCH = YES;
				COPY_PHASE_STRIP = NO;
				DEBUG_INFORMATION_FORMAT = "dwarf-with-dsym";
				ENABLE_NS_ASSERTIONS = NO;
				ENABLE_STRICT_OBJC_MSGSEND = YES;
				ENABLE_USER_SCRIPT_SANDBOXING = YES;
				GCC_C_LANGUAGE_STANDARD = gnu17;
				GCC_NO_COMMON_BLOCKS = YES;
				GCC_WARN_64_TO_32_BIT_CONVERSION = YES;
				GCC_WARN_ABOUT_RETURN_TYPE = YES_ERROR;
				GCC_WARN_UNDECLARED_SELECTOR = YES;
				GCC_WARN_UNINITIALIZED_AUTOS = YES_AGGRESSIVE;
				GCC_WARN_UNUSED_FUNCTION = YES;
				GCC_WARN_UNUSED_VARIABLE = YES;
				IPHONEOS_DEPLOYMENT_TARGET = 17.4;
				LOCALIZATION_PREFERS_STRING_CATALOGS = YES;
				MTL_ENABLE_DEBUG_INFO = NO;
				MTL_FAST_MATH = YES;
				SDKROOT = iphoneos;
				SWIFT_COMPILATION_MODE = wholemodule;
				VALIDATE_PRODUCT = YES;
			};
			name = Release;
		};
		5CDB87FE2E76218000DA0A1F /* Debug */ = {
			isa = XCBuildConfiguration;
			buildSettings = {
				ASSETCATALOG_COMPILER_APPICON_NAME = AppIcon;
				ASSETCATALOG_COMPILER_GLOBAL_ACCENT_COLOR_NAME = AccentColor;
				CODE_SIGN_STYLE = Automatic;
				CURRENT_PROJECT_VERSION = 1;
				DEVELOPMENT_ASSET_PATHS = "\"Expander/Preview Content\"";
				DEVELOPMENT_TEAM = 443MNYHZG2;
				ENABLE_PREVIEWS = YES;
				GENERATE_INFOPLIST_FILE = YES;
				INFOPLIST_KEY_UIApplicationSceneManifest_Generation = YES;
				INFOPLIST_KEY_UIApplicationSupportsIndirectInputEvents = YES;
				INFOPLIST_KEY_UILaunchScreen_Generation = YES;
				INFOPLIST_KEY_UISupportedInterfaceOrientations_iPad = "UIInterfaceOrientationPortrait UIInterfaceOrientationPortraitUpsideDown UIInterfaceOrientationLandscapeLeft UIInterfaceOrientationLandscapeRight";
				INFOPLIST_KEY_UISupportedInterfaceOrientations_iPhone = "UIInterfaceOrientationPortrait UIInterfaceOrientationLandscapeLeft UIInterfaceOrientationLandscapeRight";
				LD_RUNPATH_SEARCH_PATHS = (
					"$(inherited)",
					"@executable_path/Frameworks",
				);
				MARKETING_VERSION = 1.0;
				PRODUCT_BUNDLE_IDENTIFIER = Ritwik.Expander;
				PRODUCT_NAME = "$(TARGET_NAME)";
				SWIFT_EMIT_LOC_STRINGS = YES;
				SWIFT_VERSION = 5.0;
				TARGETED_DEVICE_FAMILY = "1,2";
			};
			name = Debug;
		};
		5CDB87FF2E76218000DA0A1F /* Release */ = {
			isa = XCBuildConfiguration;
			buildSettings = {
				ASSETCATALOG_COMPILER_APPICON_NAME = AppIcon;
				ASSETCATALOG_COMPILER_GLOBAL_ACCENT_COLOR_NAME = AccentColor;
				CODE_SIGN_STYLE = Automatic;
				CURRENT_PROJECT_VERSION = 1;
				DEVELOPMENT_ASSET_PATHS = "\"Expander/Preview Content\"";
				DEVELOPMENT_TEAM = 443MNYHZG2;
				ENABLE_PREVIEWS = YES;
				GENERATE_INFOPLIST_FILE = YES;
				INFOPLIST_KEY_UIApplicationSceneManifest_Generation = YES;
				INFOPLIST_KEY_UIApplicationSupportsIndirectInputEvents = YES;
				INFOPLIST_KEY_UILaunchScreen_Generation = YES;
				INFOPLIST_KEY_UISupportedInterfaceOrientations_iPad = "UIInterfaceOrientationPortrait UIInterfaceOrientationPortraitUpsideDown UIInterfaceOrientationLandscapeLeft UIInterfaceOrientationLandscapeRight";
				INFOPLIST_KEY_UISupportedInterfaceOrientations_iPhone = "UIInterfaceOrientationPortrait UIInterfaceOrientationLandscapeLeft UIInterfaceOrientationLandscapeRight";
				LD_RUNPATH_SEARCH_PATHS = (
					"$(inherited)",
					"@executable_path/Frameworks",
				);
				MARKETING_VERSION = 1.0;
				PRODUCT_BUNDLE_IDENTIFIER = Ritwik.Expander;
				PRODUCT_NAME = "$(TARGET_NAME)";
				SWIFT_EMIT_LOC_STRINGS = YES;
				SWIFT_VERSION = 5.0;
				TARGETED_DEVICE_FAMILY = "1,2";
			};
			name = Release;
		};
		5CDB88012E76218000DA0A1F /* Debug */ = {
			isa = XCBuildConfiguration;
			buildSettings = {
				ALWAYS_EMBED_SWIFT_STANDARD_LIBRARIES = YES;
				BUNDLE_LOADER = "$(TEST_HOST)";
				CODE_SIGN_STYLE = Automatic;
				CURRENT_PROJECT_VERSION = 1;
				GENERATE_INFOPLIST_FILE = YES;
				IPHONEOS_DEPLOYMENT_TARGET = 17.4;
				MARKETING_VERSION = 1.0;
				PRODUCT_BUNDLE_IDENTIFIER = Ritwik.ExpanderTests;
				PRODUCT_NAME = "$(TARGET_NAME)";
				SWIFT_EMIT_LOC_STRINGS = NO;
				SWIFT_VERSION = 5.0;
				TARGETED_DEVICE_FAMILY = "1,2";
				TEST_HOST = "$(BUILT_PRODUCTS_DIR)/Expander.app/$(BUNDLE_EXECUTABLE_FOLDER_PATH)/Expander";
			};
			name = Debug;
		};
		5CDB88022E76218000DA0A1F /* Release */ = {
			isa = XCBuildConfiguration;
			buildSettings = {
				ALWAYS_EMBED_SWIFT_STANDARD_LIBRARIES = YES;
				BUNDLE_LOADER = "$(TEST_HOST)";
				CODE_SIGN_STYLE = Automatic;
				CURRENT_PROJECT_VERSION = 1;
				GENERATE_INFOPLIST_FILE = YES;
				IPHONEOS_DEPLOYMENT_TARGET = 17.4;
				MARKETING_VERSION = 1.0;
				PRODUCT_BUNDLE_IDENTIFIER = Ritwik.ExpanderTests;
				PRODUCT_NAME = "$(TARGET_NAME)";
				SWIFT_EMIT_LOC_STRINGS = NO;
				SWIFT_VERSION = 5.0;
				TARGETED_DEVICE_FAMILY = "1,2";
				TEST_HOST = "$(BUILT_PRODUCTS_DIR)/Expander.app/$(BUNDLE_EXECUTABLE_FOLDER_PATH)/Expander";
			};
			name = Release;
		};
		5CDB88042E76218000DA0A1F /* Debug */ = {
			isa = XCBuildConfiguration;
			buildSettings = {
				ALWAYS_EMBED_SWIFT_STANDARD_LIBRARIES = YES;
				CODE_SIGN_STYLE = Automatic;
				CURRENT_PROJECT_VERSION = 1;
				GENERATE_INFOPLIST_FILE = YES;
				MARKETING_VERSION = 1.0;
				PRODUCT_BUNDLE_IDENTIFIER = Ritwik.ExpanderUITests;
				PRODUCT_NAME = "$(TARGET_NAME)";
				SWIFT_EMIT_LOC_STRINGS = NO;
				SWIFT_VERSION = 5.0;
				TARGETED_DEVICE_FAMILY = "1,2";
				TEST_TARGET_NAME = Expander;
			};
			name = Debug;
		};
		5CDB88052E76218000DA0A1F /* Release */ = {
			isa = XCBuildConfiguration;
			buildSettings = {
				ALWAYS_EMBED_SWIFT_STANDARD_LIBRARIES = YES;
				CODE_SIGN_STYLE = Automatic;
				CURRENT_PROJECT_VERSION = 1;
				GENERATE_INFOPLIST_FILE = YES;
				MARKETING_VERSION = 1.0;
				PRODUCT_BUNDLE_IDENTIFIER = Ritwik.ExpanderUITests;
				PRODUCT_NAME = "$(TARGET_NAME)";
				SWIFT_EMIT_LOC_STRINGS = NO;
				SWIFT_VERSION = 5.0;
				TARGETED_DEVICE_FAMILY = "1,2";
				TEST_TARGET_NAME = Expander;
			};
			name = Release;
		};
/* End XCBuildConfiguration section */

/* Begin XCConfigurationList section */
		5CDB87D42E76217F00DA0A1F /* Build configuration list for PBXProject "Expander" */ = {
			isa = XCConfigurationList;
			buildConfigurations = (
				5CDB87FB2E76218000DA0A1F /* Debug */,
				5CDB87FC2E76218000DA0A1F /* Release */,
			);
			defaultConfigurationIsVisible = 0;
			defaultConfigurationName = Release;
		};
		5CDB87FD2E76218000DA0A1F /* Build configuration list for PBXNativeTarget "Expander" */ = {
			isa = XCConfigurationList;
			buildConfigurations = (
				5CDB87FE2E76218000DA0A1F /* Debug */,
				5CDB87FF2E76218000DA0A1F /* Release */,
			);
			defaultConfigurationIsVisible = 0;
			defaultConfigurationName = Release;
		};
		5CDB88002E76218000DA0A1F /* Build configuration list for PBXNativeTarget "ExpanderTests" */ = {
			isa = XCConfigurationList;
			buildConfigurations = (
				5CDB88012E76218000DA0A1F /* Debug */,
				5CDB88022E76218000DA0A1F /* Release */,
			);
			defaultConfigurationIsVisible = 0;
			defaultConfigurationName = Release;
		};
		5CDB88032E76218000DA0A1F /* Build configuration list for PBXNativeTarget "ExpanderUITests" */ = {
			isa = XCConfigurationList;
			buildConfigurations = (
				5CDB88042E76218000DA0A1F /* Debug */,
				5CDB88052E76218000DA0A1F /* Release */,
			);
			defaultConfigurationIsVisible = 0;
			defaultConfigurationName = Release;
		};
/* End XCConfigurationList section */

/* Begin XCVersionGroup section */
		5CDB88062E76CA3600DA0A1F /* ExpanderModel.xcdatamodeld */ = {
			isa = XCVersionGroup;
			children = (
				5CDB88072E76CA3600DA0A1F /* ExpanderModel.xcdatamodel */,
			);
			currentVersion = 5CDB88072E76CA3600DA0A1F /* ExpanderModel.xcdatamodel */;
			name = ExpanderModel.xcdatamodeld;
			path = /Users/rit/Desktop/code/2025/Expander/Expander/ExpanderModel.xcdatamodeld;
			sourceTree = "<group>";
			versionGroupType = wrapper.xcdatamodel;
		};
/* End XCVersionGroup section */
	};
	rootObject = 5CDB87D12E76217F00DA0A1F /* Project object */;
}
